{
  "name": "movieclub",
  "version": "1.0.0",
  "lockfileVersion": 1,
  "requires": true,
  "dependencies": {
    "@fast-csv/format": {
      "version": "4.2.0",
      "resolved": "https://registry.npmjs.org/@fast-csv/format/-/format-4.2.0.tgz",
      "integrity": "sha512-QGIfmSLYMit2g7aKohc8Bt1Ww86spWnAHBnr66W0qab3SasbrOBWCqNkyjztQQ7ECt5ELXqVu5gj5SvFTHSPmw==",
      "requires": {
        "lodash.escaperegexp": "^4.1.2",
        "lodash.isboolean": "^3.0.3",
        "lodash.isequal": "^4.5.0",
        "lodash.isfunction": "^3.0.9",
        "lodash.isnil": "^4.0.0"
      }
    },
    "@fast-csv/parse": {
      "version": "4.2.0",
      "resolved": "https://registry.npmjs.org/@fast-csv/parse/-/parse-4.2.0.tgz",
      "integrity": "sha512-bdLBb8Qg/jqQNyZYcoNjX5EOvyzYXwAm/5nQOCLTO3h3v6G2nuQFlrDzuoNKSXzCHZDHtvKHHzVVi0EfTD/bZA==",
      "requires": {
        "lodash.escaperegexp": "^4.1.2",
        "lodash.groupby": "^4.6.0",
        "lodash.isfunction": "^3.0.9",
        "lodash.isnil": "^4.0.0",
        "lodash.isundefined": "^3.0.1",
        "lodash.uniq": "^4.5.0"
      }
    },
    "@types/node": {
      "version": "14.0.5",
      "resolved": "https://registry.npmjs.org/@types/node/-/node-14.0.5.tgz",
      "integrity": "sha512-90hiq6/VqtQgX8Sp0EzeIsv3r+ellbGj4URKj5j30tLlZvRUpnAe9YbYnjl3pJM93GyXU0tghHhvXHq+5rnCKA=="
    },
    "csv-parse": {
      "version": "4.10.1",
      "resolved": "https://registry.npmjs.org/csv-parse/-/csv-parse-4.10.1.tgz",
      "integrity": "sha512-gdDJVchi0oSLIcYXz1H/VSgLE6htHDqJyFsRU/vTkQgmVOZ3S0IR2LXnNbWUYG7VD76dYVwdfBLyx8AX9+An8A=="
    },
    "fast-csv": {
      "version": "4.2.0",
      "resolved": "https://registry.npmjs.org/fast-csv/-/fast-csv-4.2.0.tgz",
      "integrity": "sha512-Ylnwd+bb09+dB3EzMq4uCuHE9dysc8BmaVZeWQROtRDSXmej6k5WssVCS1Z7aqG4EOn4tCoZs9rLvGtCnMHXMw==",
      "requires": {
        "@fast-csv/format": "4.2.0",
        "@fast-csv/parse": "4.2.0",
        "@types/node": "^14.0.1"
      }
    },
    "lodash.escaperegexp": {
      "version": "4.1.2",
      "resolved": "https://registry.npmjs.org/lodash.escaperegexp/-/lodash.escaperegexp-4.1.2.tgz",
      "integrity": "sha1-ZHYsSGGAglGKw99Mz11YhtriA0c="
    },
    "lodash.groupby": {
      "version": "4.6.0",
      "resolved": "https://registry.npmjs.org/lodash.groupby/-/lodash.groupby-4.6.0.tgz",
      "integrity": "sha1-Cwih3PaDl8OXhVwyOXg4Mt90A9E="
    },
    "lodash.isboolean": {
      "version": "3.0.3",
      "resolved": "https://registry.npmjs.org/lodash.isboolean/-/lodash.isboolean-3.0.3.tgz",
      "integrity": "sha1-bC4XHbKiV82WgC/UOwGyDV9YcPY="
    },
    "lodash.isequal": {
      "version": "4.5.0",
      "resolved": "https://registry.npmjs.org/lodash.isequal/-/lodash.isequal-4.5.0.tgz",
      "integrity": "sha1-QVxEePK8wwEgwizhDtMib30+GOA="
    },
    "lodash.isfunction": {
      "version": "3.0.9",
      "resolved": "https://registry.npmjs.org/lodash.isfunction/-/lodash.isfunction-3.0.9.tgz",
      "integrity": "sha512-AirXNj15uRIMMPihnkInB4i3NHeb4iBtNg9WRWuK2o31S+ePwwNmDPaTL3o7dTJ+VXNZim7rFs4rxN4YU1oUJw=="
    },
    "lodash.isnil": {
      "version": "4.0.0",
      "resolved": "https://registry.npmjs.org/lodash.isnil/-/lodash.isnil-4.0.0.tgz",
      "integrity": "sha1-SeKM1VkBNFjIFMVHnTxmOiG/qmw="
    },
    "lodash.isundefined": {
      "version": "3.0.1",
      "resolved": "https://registry.npmjs.org/lodash.isundefined/-/lodash.isundefined-3.0.1.tgz",
      "integrity": "sha1-I+89lTVWUgOmbO/VuDD4SJEa+0g="
    },
    "lodash.uniq": {
      "version": "4.5.0",
      "resolved": "https://registry.npmjs.org/lodash.uniq/-/lodash.uniq-4.5.0.tgz",
      "integrity": "sha1-0CJTc662Uq3BvILklFM5qEJ1R3M="
    }
  }
}
